// !$*UTF8*$!
{
	archiveVersion = 1;
	classes = {
	};
	objectVersion = 56;
	objects = {

/* Begin PBXBuildFile section */
		6604F69F28A90F4400B84549 /* PlaylistView.swift in Sources */ = {isa = PBXBuildFile; fileRef = 6604F69E28A90F4400B84549 /* PlaylistView.swift */; };
		6604F6A128A92BF900B84549 /* PlayerView.swift in Sources */ = {isa = PBXBuildFile; fileRef = 6604F6A028A92BF900B84549 /* PlayerView.swift */; };
		661B751628A47C9900B9C012 /* Shelf.swift in Sources */ = {isa = PBXBuildFile; fileRef = 661B751528A47C9800B9C012 /* Shelf.swift */; };
		662C8AC028AF8C5C003983FE /* Util.swift in Sources */ = {isa = PBXBuildFile; fileRef = 662C8ABF28AF8C5C003983FE /* Util.swift */; };
		66684C7628A7C28800C32BC8 /* ViewModel.swift in Sources */ = {isa = PBXBuildFile; fileRef = 66684C7528A7C28800C32BC8 /* ViewModel.swift */; };
		66684C7828A7FC6700C32BC8 /* DiscoverView.swift in Sources */ = {isa = PBXBuildFile; fileRef = 66684C7728A7FC6700C32BC8 /* DiscoverView.swift */; };
		66684C7C28A823A500C32BC8 /* SidebarView.swift in Sources */ = {isa = PBXBuildFile; fileRef = 66684C7B28A823A500C32BC8 /* SidebarView.swift */; };
		666BD94F28B04303006E0408 /* libogg.a in Frameworks */ = {isa = PBXBuildFile; fileRef = 666BD94D28B04303006E0408 /* libogg.a */; };
		666BD95028B04303006E0408 /* libFLAC.a in Frameworks */ = {isa = PBXBuildFile; fileRef = 666BD94E28B04303006E0408 /* libFLAC.a */; };
		669C586128A47B4D0038A986 /* App.swift in Sources */ = {isa = PBXBuildFile; fileRef = 669C586028A47B4D0038A986 /* App.swift */; };
		669C586328A47B4D0038A986 /* MainView.swift in Sources */ = {isa = PBXBuildFile; fileRef = 669C586228A47B4D0038A986 /* MainView.swift */; };
		669C586528A47B4E0038A986 /* Assets.xcassets in Resources */ = {isa = PBXBuildFile; fileRef = 669C586428A47B4E0038A986 /* Assets.xcassets */; };
/* End PBXBuildFile section */

/* Begin PBXFileReference section */
		6604F69E28A90F4400B84549 /* PlaylistView.swift */ = {isa = PBXFileReference; lastKnownFileType = sourcecode.swift; path = PlaylistView.swift; sourceTree = "<group>"; };
		6604F6A028A92BF900B84549 /* PlayerView.swift */ = {isa = PBXFileReference; lastKnownFileType = sourcecode.swift; path = PlayerView.swift; sourceTree = "<group>"; };
		661B751528A47C9800B9C012 /* Shelf.swift */ = {isa = PBXFileReference; fileEncoding = 4; lastKnownFileType = sourcecode.swift; path = Shelf.swift; sourceTree = "<group>"; };
		662C8ABF28AF8C5C003983FE /* Util.swift */ = {isa = PBXFileReference; lastKnownFileType = sourcecode.swift; path = Util.swift; sourceTree = "<group>"; };
		66684C7528A7C28800C32BC8 /* ViewModel.swift */ = {isa = PBXFileReference; lastKnownFileType = sourcecode.swift; path = ViewModel.swift; sourceTree = "<group>"; };
		66684C7728A7FC6700C32BC8 /* DiscoverView.swift */ = {isa = PBXFileReference; lastKnownFileType = sourcecode.swift; path = DiscoverView.swift; sourceTree = "<group>"; };
		66684C7B28A823A500C32BC8 /* SidebarView.swift */ = {isa = PBXFileReference; lastKnownFileType = sourcecode.swift; path = SidebarView.swift; sourceTree = "<group>"; };
		666BD94928B04269006E0408 /* Loop3000-Bridging-Header.h */ = {isa = PBXFileReference; lastKnownFileType = sourcecode.c.h; path = "Loop3000-Bridging-Header.h"; sourceTree = "<group>"; };
		666BD94D28B04303006E0408 /* libogg.a */ = {isa = PBXFileReference; lastKnownFileType = archive.ar; path = libogg.a; sourceTree = "<group>"; };
		666BD94E28B04303006E0408 /* libFLAC.a */ = {isa = PBXFileReference; lastKnownFileType = archive.ar; path = libFLAC.a; sourceTree = "<group>"; };
		66732F6E28A63F400089682A /* Info.plist */ = {isa = PBXFileReference; lastKnownFileType = text.plist; path = Info.plist; sourceTree = "<group>"; };
		669C585D28A47B4D0038A986 /* Loop3000.app */ = {isa = PBXFileReference; explicitFileType = wrapper.application; includeInIndex = 0; path = Loop3000.app; sourceTree = BUILT_PRODUCTS_DIR; };
		669C586028A47B4D0038A986 /* App.swift */ = {isa = PBXFileReference; lastKnownFileType = sourcecode.swift; path = App.swift; sourceTree = "<group>"; };
		669C586228A47B4D0038A986 /* MainView.swift */ = {isa = PBXFileReference; lastKnownFileType = sourcecode.swift; path = MainView.swift; sourceTree = "<group>"; };
		669C586428A47B4E0038A986 /* Assets.xcassets */ = {isa = PBXFileReference; lastKnownFileType = folder.assetcatalog; path = Assets.xcassets; sourceTree = "<group>"; };
		669C586928A47B4E0038A986 /* Loop3000.entitlements */ = {isa = PBXFileReference; lastKnownFileType = text.plist.entitlements; path = Loop3000.entitlements; sourceTree = "<group>"; };
/* End PBXFileReference section */

/* Begin PBXFrameworksBuildPhase section */
		669C585A28A47B4D0038A986 /* Frameworks */ = {
			isa = PBXFrameworksBuildPhase;
			buildActionMask = 2147483647;
			files = (
				666BD94F28B04303006E0408 /* libogg.a in Frameworks */,
				666BD95028B04303006E0408 /* libFLAC.a in Frameworks */,
			);
			runOnlyForDeploymentPostprocessing = 0;
		};
/* End PBXFrameworksBuildPhase section */

/* Begin PBXGroup section */
		666BD94C28B04303006E0408 /* Frameworks */ = {
			isa = PBXGroup;
			children = (
				666BD94E28B04303006E0408 /* libFLAC.a */,
				666BD94D28B04303006E0408 /* libogg.a */,
			);
			name = Frameworks;
			sourceTree = "<group>";
		};
		669C585428A47B4D0038A986 = {
			isa = PBXGroup;
			children = (
				669C585F28A47B4D0038A986 /* Loop3000 */,
				669C585E28A47B4D0038A986 /* Products */,
				666BD94C28B04303006E0408 /* Frameworks */,
			);
			sourceTree = "<group>";
		};
		669C585E28A47B4D0038A986 /* Products */ = {
			isa = PBXGroup;
			children = (
				669C585D28A47B4D0038A986 /* Loop3000.app */,
			);
			name = Products;
			sourceTree = "<group>";
		};
		669C585F28A47B4D0038A986 /* Loop3000 */ = {
			isa = PBXGroup;
			children = (
				66732F6E28A63F400089682A /* Info.plist */,
				669C586928A47B4E0038A986 /* Loop3000.entitlements */,
				669C586428A47B4E0038A986 /* Assets.xcassets */,
				669C586028A47B4D0038A986 /* App.swift */,
				669C586228A47B4D0038A986 /* MainView.swift */,
				661B751528A47C9800B9C012 /* Shelf.swift */,
				66684C7528A7C28800C32BC8 /* ViewModel.swift */,
				66684C7728A7FC6700C32BC8 /* DiscoverView.swift */,
				66684C7B28A823A500C32BC8 /* SidebarView.swift */,
				6604F69E28A90F4400B84549 /* PlaylistView.swift */,
				6604F6A028A92BF900B84549 /* PlayerView.swift */,
				662C8ABF28AF8C5C003983FE /* Util.swift */,
				666BD94928B04269006E0408 /* Loop3000-Bridging-Header.h */,
			);
			path = Loop3000;
			sourceTree = "<group>";
		};
/* End PBXGroup section */

/* Begin PBXNativeTarget section */
		669C585C28A47B4D0038A986 /* Loop3000 */ = {
			isa = PBXNativeTarget;
			buildConfigurationList = 669C586C28A47B4E0038A986 /* Build configuration list for PBXNativeTarget "Loop3000" */;
			buildPhases = (
				669C585928A47B4D0038A986 /* Sources */,
				669C585A28A47B4D0038A986 /* Frameworks */,
				669C585B28A47B4D0038A986 /* Resources */,
			);
			buildRules = (
			);
			dependencies = (
			);
			name = Loop3000;
			packageProductDependencies = (
			);
			productName = Loop3000;
			productReference = 669C585D28A47B4D0038A986 /* Loop3000.app */;
			productType = "com.apple.product-type.application";
		};
/* End PBXNativeTarget section */

/* Begin PBXProject section */
		669C585528A47B4D0038A986 /* Project object */ = {
			isa = PBXProject;
			attributes = {
				BuildIndependentTargetsInParallel = 1;
				LastSwiftUpdateCheck = 1400;
				LastUpgradeCheck = 1400;
				TargetAttributes = {
					669C585C28A47B4D0038A986 = {
						CreatedOnToolsVersion = 14.0;
						LastSwiftMigration = 1400;
					};
				};
			};
			buildConfigurationList = 669C585828A47B4D0038A986 /* Build configuration list for PBXProject "Loop3000" */;
			compatibilityVersion = "Xcode 14.0";
			developmentRegion = en;
			hasScannedForEncodings = 0;
			knownRegions = (
				en,
				Base,
			);
			mainGroup = 669C585428A47B4D0038A986;
			packageReferences = (
			);
			productRefGroup = 669C585E28A47B4D0038A986 /* Products */;
			projectDirPath = "";
			projectRoot = "";
			targets = (
				669C585C28A47B4D0038A986 /* Loop3000 */,
			);
		};
/* End PBXProject section */

/* Begin PBXResourcesBuildPhase section */
		669C585B28A47B4D0038A986 /* Resources */ = {
			isa = PBXResourcesBuildPhase;
			buildActionMask = 2147483647;
			files = (
				669C586528A47B4E0038A986 /* Assets.xcassets in Resources */,
			);
			runOnlyForDeploymentPostprocessing = 0;
		};
/* End PBXResourcesBuildPhase section */

/* Begin PBXSourcesBuildPhase section */
		669C585928A47B4D0038A986 /* Sources */ = {
			isa = PBXSourcesBuildPhase;
			buildActionMask = 2147483647;
			files = (
				6604F6A128A92BF900B84549 /* PlayerView.swift in Sources */,
				66684C7628A7C28800C32BC8 /* ViewModel.swift in Sources */,
				6604F69F28A90F4400B84549 /* PlaylistView.swift in Sources */,
				669C586328A47B4D0038A986 /* MainView.swift in Sources */,
				661B751628A47C9900B9C012 /* Shelf.swift in Sources */,
				669C586128A47B4D0038A986 /* App.swift in Sources */,
				662C8AC028AF8C5C003983FE /* Util.swift in Sources */,
				66684C7C28A823A500C32BC8 /* SidebarView.swift in Sources */,
				66684C7828A7FC6700C32BC8 /* DiscoverView.swift in Sources */,
			);
			runOnlyForDeploymentPostprocessing = 0;
		};
/* End PBXSourcesBuildPhase section */

/* Begin XCBuildConfiguration section */
		669C586A28A47B4E0038A986 /* Debug */ = {
			isa = XCBuildConfiguration;
			buildSettings = {
				ALWAYS_SEARCH_USER_PATHS = NO;
				CLANG_ANALYZER_NONNULL = YES;
				CLANG_ANALYZER_NUMBER_OBJECT_CONVERSION = YES_AGGRESSIVE;
				CLANG_CXX_LANGUAGE_STANDARD = "gnu++20";
				CLANG_ENABLE_MODULES = YES;
				CLANG_ENABLE_OBJC_ARC = YES;
				CLANG_ENABLE_OBJC_WEAK = YES;
				CLANG_WARN_BLOCK_CAPTURE_AUTORELEASING = YES;
				CLANG_WARN_BOOL_CONVERSION = YES;
				CLANG_WARN_COMMA = YES;
				CLANG_WARN_CONSTANT_CONVERSION = YES;
				CLANG_WARN_DEPRECATED_OBJC_IMPLEMENTATIONS = YES;
				CLANG_WARN_DIRECT_OBJC_ISA_USAGE = YES_ERROR;
				CLANG_WARN_DOCUMENTATION_COMMENTS = YES;
				CLANG_WARN_EMPTY_BODY = YES;
				CLANG_WARN_ENUM_CONVERSION = YES;
				CLANG_WARN_INFINITE_RECURSION = YES;
				CLANG_WARN_INT_CONVERSION = YES;
				CLANG_WARN_NON_LITERAL_NULL_CONVERSION = YES;
				CLANG_WARN_OBJC_IMPLICIT_RETAIN_SELF = YES;
				CLANG_WARN_OBJC_LITERAL_CONVERSION = YES;
				CLANG_WARN_OBJC_ROOT_CLASS = YES_ERROR;
				CLANG_WARN_QUOTED_INCLUDE_IN_FRAMEWORK_HEADER = YES;
				CLANG_WARN_RANGE_LOOP_ANALYSIS = YES;
				CLANG_WARN_STRICT_PROTOTYPES = YES;
				CLANG_WARN_SUSPICIOUS_MOVE = YES;
				CLANG_WARN_UNGUARDED_AVAILABILITY = YES_AGGRESSIVE;
				CLANG_WARN_UNREACHABLE_CODE = YES;
				CLANG_WARN__DUPLICATE_METHOD_MATCH = YES;
				COPY_PHASE_STRIP = NO;
				DEBUG_INFORMATION_FORMAT = dwarf;
				ENABLE_STRICT_OBJC_MSGSEND = YES;
				ENABLE_TESTABILITY = YES;
				GCC_C_LANGUAGE_STANDARD = gnu11;
				GCC_DYNAMIC_NO_PIC = NO;
				GCC_NO_COMMON_BLOCKS = YES;
				GCC_OPTIMIZATION_LEVEL = 0;
				GCC_PREPROCESSOR_DEFINITIONS = (
					"DEBUG=1",
					"$(inherited)",
				);
				GCC_WARN_64_TO_32_BIT_CONVERSION = YES;
				GCC_WARN_ABOUT_RETURN_TYPE = YES_ERROR;
				GCC_WARN_UNDECLARED_SELECTOR = YES;
				GCC_WARN_UNINITIALIZED_AUTOS = YES_AGGRESSIVE;
				GCC_WARN_UNUSED_FUNCTION = YES;
				GCC_WARN_UNUSED_VARIABLE = YES;
				MACOSX_DEPLOYMENT_TARGET = 13.0;
				MTL_ENABLE_DEBUG_INFO = INCLUDE_SOURCE;
				MTL_FAST_MATH = YES;
				ONLY_ACTIVE_ARCH = YES;
				SDKROOT = macosx;
				SWIFT_ACTIVE_COMPILATION_CONDITIONS = DEBUG;
				SWIFT_OPTIMIZATION_LEVEL = "-Onone";
			};
			name = Debug;
		};
		669C586B28A47B4E0038A986 /* Release */ = {
			isa = XCBuildConfiguration;
			buildSettings = {
				ALWAYS_SEARCH_USER_PATHS = NO;
				CLANG_ANALYZER_NONNULL = YES;
				CLANG_ANALYZER_NUMBER_OBJECT_CONVERSION = YES_AGGRESSIVE;
				CLANG_CXX_LANGUAGE_STANDARD = "gnu++20";
				CLANG_ENABLE_MODULES = YES;
				CLANG_ENABLE_OBJC_ARC = YES;
				CLANG_ENABLE_OBJC_WEAK = YES;
				CLANG_WARN_BLOCK_CAPTURE_AUTORELEASING = YES;
				CLANG_WARN_BOOL_CONVERSION = YES;
				CLANG_WARN_COMMA = YES;
				CLANG_WARN_CONSTANT_CONVERSION = YES;
				CLANG_WARN_DEPRECATED_OBJC_IMPLEMENTATIONS = YES;
				CLANG_WARN_DIRECT_OBJC_ISA_USAGE = YES_ERROR;
				CLANG_WARN_DOCUMENTATION_COMMENTS = YES;
				CLANG_WARN_EMPTY_BODY = YES;
				CLANG_WARN_ENUM_CONVERSION = YES;
				CLANG_WARN_INFINITE_RECURSION = YES;
				CLANG_WARN_INT_CONVERSION = YES;
				CLANG_WARN_NON_LITERAL_NULL_CONVERSION = YES;
				CLANG_WARN_OBJC_IMPLICIT_RETAIN_SELF = YES;
				CLANG_WARN_OBJC_LITERAL_CONVERSION = YES;
				CLANG_WARN_OBJC_ROOT_CLASS = YES_ERROR;
				CLANG_WARN_QUOTED_INCLUDE_IN_FRAMEWORK_HEADER = YES;
				CLANG_WARN_RANGE_LOOP_ANALYSIS = YES;
				CLANG_WARN_STRICT_PROTOTYPES = YES;
				CLANG_WARN_SUSPICIOUS_MOVE = YES;
				CLANG_WARN_UNGUARDED_AVAILABILITY = YES_AGGRESSIVE;
				CLANG_WARN_UNREACHABLE_CODE = YES;
				CLANG_WARN__DUPLICATE_METHOD_MATCH = YES;
				COPY_PHASE_STRIP = NO;
				DEBUG_INFORMATION_FORMAT = "dwarf-with-dsym";
				ENABLE_NS_ASSERTIONS = NO;
				ENABLE_STRICT_OBJC_MSGSEND = YES;
				GCC_C_LANGUAGE_STANDARD = gnu11;
				GCC_NO_COMMON_BLOCKS = YES;
				GCC_WARN_64_TO_32_BIT_CONVERSION = YES;
				GCC_WARN_ABOUT_RETURN_TYPE = YES_ERROR;
				GCC_WARN_UNDECLARED_SELECTOR = YES;
				GCC_WARN_UNINITIALIZED_AUTOS = YES_AGGRESSIVE;
				GCC_WARN_UNUSED_FUNCTION = YES;
				GCC_WARN_UNUSED_VARIABLE = YES;
				MACOSX_DEPLOYMENT_TARGET = 13.0;
				MTL_ENABLE_DEBUG_INFO = NO;
				MTL_FAST_MATH = YES;
				SDKROOT = macosx;
				SWIFT_COMPILATION_MODE = wholemodule;
				SWIFT_OPTIMIZATION_LEVEL = "-O";
			};
			name = Release;
		};
		669C586D28A47B4E0038A986 /* Debug */ = {
			isa = XCBuildConfiguration;
			buildSettings = {
				ASSETCATALOG_COMPILER_APPICON_NAME = AppIcon;
				ASSETCATALOG_COMPILER_GLOBAL_ACCENT_COLOR_NAME = AccentColor;
				CLANG_ENABLE_MODULES = YES;
				CODE_SIGN_ENTITLEMENTS = Loop3000/Loop3000.entitlements;
				CODE_SIGN_STYLE = Automatic;
				COMBINE_HIDPI_IMAGES = YES;
				CURRENT_PROJECT_VERSION = 1;
				DEVELOPMENT_ASSET_PATHS = "";
				ENABLE_PREVIEWS = YES;
				GENERATE_INFOPLIST_FILE = YES;
				INFOPLIST_FILE = Loop3000/Info.plist;
				INFOPLIST_KEY_LSApplicationCategoryType = "public.app-category.music";
				INFOPLIST_KEY_NSHumanReadableCopyright = "";
				LD_RUNPATH_SEARCH_PATHS = (
					"$(inherited)",
					"@executable_path/../Frameworks",
				);
				LIBRARY_SEARCH_PATHS = (
					"$(inherited)",
					"$(PROJECT_DIR)",
				);
				MARKETING_VERSION = 1.0;
				PRODUCT_BUNDLE_IDENTIFIER = io.misakikasumi.Loop3000;
				PRODUCT_NAME = "$(TARGET_NAME)";
				SWIFT_EMIT_LOC_STRINGS = YES;
				SWIFT_OBJC_BRIDGING_HEADER = "Loop3000/Loop3000-Bridging-Header.h";
				SWIFT_OPTIMIZATION_LEVEL = "-Onone";
				SWIFT_VERSION = 5.0;
			};
			name = Debug;
		};
		669C586E28A47B4E0038A986 /* Release */ = {
			isa = XCBuildConfiguration;
			buildSettings = {
				ASSETCATALOG_COMPILER_APPICON_NAME = AppIcon;
				ASSETCATALOG_COMPILER_GLOBAL_ACCENT_COLOR_NAME = AccentColor;
				CLANG_ENABLE_MODULES = YES;
				CODE_SIGN_ENTITLEMENTS = Loop3000/Loop3000.entitlements;
				CODE_SIGN_STYLE = Automatic;
				COMBINE_HIDPI_IMAGES = YES;
				CURRENT_PROJECT_VERSION = 1;
				DEVELOPMENT_ASSET_PATHS = "";
				ENABLE_PREVIEWS = YES;
				GENERATE_INFOPLIST_FILE = YES;
				INFOPLIST_FILE = Loop3000/Info.plist;
				INFOPLIST_KEY_LSApplicationCategoryType = "public.app-category.music";
				INFOPLIST_KEY_NSHumanReadableCopyright = "";
				LD_RUNPATH_SEARCH_PATHS = (
					"$(inherited)",
					"@executable_path/../Frameworks",
				);
				LIBRARY_SEARCH_PATHS = (
					"$(inherited)",
					"$(PROJECT_DIR)",
				);
				MARKETING_VERSION = 1.0;
				PRODUCT_BUNDLE_IDENTIFIER = io.misakikasumi.Loop3000;
				PRODUCT_NAME = "$(TARGET_NAME)";
				SWIFT_EMIT_LOC_STRINGS = YES;
				SWIFT_OBJC_BRIDGING_HEADER = "Loop3000/Loop3000-Bridging-Header.h";
				SWIFT_VERSION = 5.0;
			};
			name = Release;
		};
/* End XCBuildConfiguration section */

/* Begin XCConfigurationList section */
		669C585828A47B4D0038A986 /* Build configuration list for PBXProject "Loop3000" */ = {
			isa = XCConfigurationList;
			buildConfigurations = (
				669C586A28A47B4E0038A986 /* Debug */,
				669C586B28A47B4E0038A986 /* Release */,
			);
			defaultConfigurationIsVisible = 0;
			defaultConfigurationName = Release;
		};
		669C586C28A47B4E0038A986 /* Build configuration list for PBXNativeTarget "Loop3000" */ = {
			isa = XCConfigurationList;
			buildConfigurations = (
				669C586D28A47B4E0038A986 /* Debug */,
				669C586E28A47B4E0038A986 /* Release */,
			);
			defaultConfigurationIsVisible = 0;
			defaultConfigurationName = Release;
		};
/* End XCConfigurationList section */
	};
	rootObject = 669C585528A47B4D0038A986 /* Project object */;
}
